<?xml version="1.0" encoding="utf-8"?>
<Project ToolsVersion="17.0" xmlns="http://schemas.microsoft.com/developer/msbuild/2003">
  <ItemGroup>
    <ClCompile Include="D:\課程\電腦繪圖\ppt\hw1\sample_code\src\Main.cpp">
      <Filter>Source Files</Filter>
    </ClCompile>
    <ClCompile Include="D:\課程\電腦繪圖\ppt\hw1\sample_code\src\Model\Mesh.cpp">
      <Filter>Source Files</Filter>
    </ClCompile>
    <ClCompile Include="D:\課程\電腦繪圖\ppt\hw1\sample_code\src\Model\TextureFactory.cpp">
      <Filter>Source Files</Filter>
    </ClCompile>
    <ClCompile Include="D:\課程\電腦繪圖\ppt\hw1\sample_code\src\OpenGLWindow.cpp">
      <Filter>Source Files</Filter>
    </ClCompile>
    <ClCompile Include="D:\課程\電腦繪圖\ppt\hw1\sample_code\src\OpenGL\OpenGLBufferObject.cpp">
      <Filter>Source Files</Filter>
    </ClCompile>
    <ClCompile Include="D:\課程\電腦繪圖\ppt\hw1\sample_code\src\OpenGL\OpenGLException.cpp">
      <Filter>Source Files</Filter>
    </ClCompile>
    <ClCompile Include="D:\課程\電腦繪圖\ppt\hw1\sample_code\src\OpenGL\OpenGLShader.cpp">
      <Filter>Source Files</Filter>
    </ClCompile>
    <ClCompile Include="D:\課程\電腦繪圖\ppt\hw1\sample_code\src\OpenGL\OpenGLShaderProgram.cpp">
      <Filter>Source Files</Filter>
    </ClCompile>
    <ClCompile Include="D:\課程\電腦繪圖\ppt\hw1\sample_code\src\OpenGL\OpenGLVertexArrayObject.cpp">
      <Filter>Source Files</Filter>
    </ClCompile>
    <ClCompile Include="D:\課程\電腦繪圖\ppt\hw1\sample_code\src\OpenGL\OpenGLTexture.cpp">
      <Filter>Source Files</Filter>
    </ClCompile>
    <ClCompile Include="D:\課程\電腦繪圖\ppt\hw1\sample_code\src\Utils\FileIO\Detail\Generals.cpp">
      <Filter>Source Files</Filter>
    </ClCompile>
    <ClCompile Include="D:\課程\電腦繪圖\ppt\hw1\sample_code\src\Utils\FileIO\FileIn.cpp">
      <Filter>Source Files</Filter>
    </ClCompile>
  </ItemGroup>
  <ItemGroup>
    <ClInclude Include="D:\課程\電腦繪圖\ppt\hw1\sample_code\src\Model\Mesh.hpp">
      <Filter>Header Files</Filter>
    </ClInclude>
    <ClInclude Include="D:\課程\電腦繪圖\ppt\hw1\sample_code\src\Model\TextureFactory.hpp">
      <Filter>Header Files</Filter>
    </ClInclude>
    <ClInclude Include="D:\課程\電腦繪圖\ppt\hw1\sample_code\src\OpenGLWindow.hpp">
      <Filter>Header Files</Filter>
    </ClInclude>
    <ClInclude Include="D:\課程\電腦繪圖\ppt\hw1\sample_code\src\OpenGL\Detail\Set.hpp">
      <Filter>Header Files</Filter>
    </ClInclude>
    <ClInclude Include="D:\課程\電腦繪圖\ppt\hw1\sample_code\src\OpenGL\OpenGLBufferObject.hpp">
      <Filter>Header Files</Filter>
    </ClInclude>
    <ClInclude Include="D:\課程\電腦繪圖\ppt\hw1\sample_code\src\OpenGL\OpenGLException.hpp">
      <Filter>Header Files</Filter>
    </ClInclude>
    <ClInclude Include="D:\課程\電腦繪圖\ppt\hw1\sample_code\src\OpenGL\OpenGLShader.hpp">
      <Filter>Header Files</Filter>
    </ClInclude>
    <ClInclude Include="D:\課程\電腦繪圖\ppt\hw1\sample_code\src\OpenGL\OpenGLShaderProgram.hpp">
      <Filter>Header Files</Filter>
    </ClInclude>
    <ClInclude Include="D:\課程\電腦繪圖\ppt\hw1\sample_code\src\OpenGL\OpenGLVertexArrayObject.hpp">
      <Filter>Header Files</Filter>
    </ClInclude>
    <ClInclude Include="D:\課程\電腦繪圖\ppt\hw1\sample_code\src\OpenGL\OpenGLTexture.hpp">
      <Filter>Header Files</Filter>
    </ClInclude>
    <ClInclude Include="D:\課程\電腦繪圖\ppt\hw1\sample_code\src\Utils\Compilers.hpp">
      <Filter>Header Files</Filter>
    </ClInclude>
    <ClInclude Include="D:\課程\電腦繪圖\ppt\hw1\sample_code\src\Utils\Global.hpp">
      <Filter>Header Files</Filter>
    </ClInclude>
    <ClInclude Include="D:\課程\電腦繪圖\ppt\hw1\sample_code\src\Utils\StringFormat\StringFormat.hpp">
      <Filter>Header Files</Filter>
    </ClInclude>
    <ClInclude Include="D:\課程\電腦繪圖\ppt\hw1\sample_code\src\Utils\FileIO\Detail\Generals.hpp">
      <Filter>Header Files</Filter>
    </ClInclude>
    <ClInclude Include="D:\課程\電腦繪圖\ppt\hw1\sample_code\src\Utils\FileIO\FileIn.hpp">
      <Filter>Header Files</Filter>
    </ClInclude>
    <ClInclude Include="D:\課程\電腦繪圖\ppt\hw1\sample_code\src\OpenGL\Detail\Set-inl.hpp">
      <Filter>Header Files</Filter>
    </ClInclude>
    <ClInclude Include="D:\課程\電腦繪圖\ppt\hw1\sample_code\src\OpenGL\OpenGLShaderProgram-inl.hpp">
      <Filter>Header Files</Filter>
    </ClInclude>
    <ClInclude Include="D:\課程\電腦繪圖\ppt\hw1\sample_code\src\Utils\StringFormat\StringFormat-inl.hpp">
      <Filter>Header Files</Filter>
    </ClInclude>
  </ItemGroup>
  <ItemGroup>
    <CustomBuild Include="D:\課程\電腦繪圖\ppt\hw1\sample_code\src\CMakeLists.txt" />
  </ItemGroup>
  <ItemGroup>
    <Filter Include="Header Files">
      <UniqueIdentifier>{E5E2C39D-B257-3A4F-8C0F-91D9A1357250}</UniqueIdentifier>
    </Filter>
    <Filter Include="Source Files">
      <UniqueIdentifier>{5E7F47EA-8997-3782-85E9-CC947D34F060}</UniqueIdentifier>
    </Filter>
  </ItemGroup>
</Project>
